
Microsoft Visual Studio Solution File, Format Version 12.00
# Visual Studio Version 17
VisualStudioVersion = 17.3.32901.215
MinimumVisualStudioVersion = 10.0.40219.1
Project("{FAE04EC0-301F-11D3-BF4B-00C04F79EFBC}") = "ErrorHandlingAsp.NetCore", "ErrorHandlingAsp.NetCore\ErrorHandlingAsp.NetCore.csproj", "{E40A1C74-CDCF-450A-9705-F3300D3CF97F}"
EndProject
Global
	GlobalSection(SolutionConfigurationPlatforms) = preSolution
		Debug|Any CPU = Debug|Any CPU
		Release|Any CPU = Release|Any CPU
	EndGlobalSection
	GlobalSection(ProjectConfigurationPlatforms) = postSolution
		{E40A1C74-CDCF-450A-9705-F3300D3CF97F}.Debug|Any CPU.ActiveCfg = Debug|Any CPU
		{E40A1C74-CDCF-450A-9705-F3300D3CF97F}.Debug|Any CPU.Build.0 = Debug|Any CPU
		{E40A1C74-CDCF-450A-9705-F3300D3CF97F}.Release|Any CPU.ActiveCfg = Release|Any CPU
		{E40A1C74-CDCF-450A-9705-F3300D3CF97F}.Release|Any CPU.Build.0 = Release|Any CPU
	EndGlobalSection
	GlobalSection(SolutionProperties) = preSolution
		HideSolutionNode = FALSE
	EndGlobalSection
	GlobalSection(ExtensibilityGlobals) = postSolution
		SolutionGuid = {0918D2BD-0774-443C-9B9A-C7BB47A12863}
	EndGlobalSection
EndGlobal
